
Microsoft Visual Studio Solution File, Format Version 12.00
# Visual Studio 15
VisualStudioVersion = 15.0.28307.168
MinimumVisualStudioVersion = 10.0.40219.1
Project("{9A19103F-16F7-4668-BE54-9A1E7A4F7556}") = "MyFlashCardProject", "MyFlashCardProject\MyFlashCardProject.csproj", "{0B9B92B4-0035-4659-8E21-8FED8DD8F57D}"
EndProject
Project("{9A19103F-16F7-4668-BE54-9A1E7A4F7556}") = "FlashCard.DataModel", "FlashCard.DataModel\FlashCard.DataModel.csproj", "{9347312C-DC8F-4904-B0D3-41B09BBFB3B7}"
EndProject
Project("{9A19103F-16F7-4668-BE54-9A1E7A4F7556}") = "FlashCard.BusinessLogic", "FlashCard.BusinessLogic\FlashCard.BusinessLogic.csproj", "{85F3E71E-346C-40FF-92FF-33196C2B30A3}"
EndProject
Project("{E53339B2-1760-4266-BCC7-CA923CBCF16C}") = "docker-compose", "docker-compose.dcproj", "{984B779C-563B-431C-9413-FB17C808DD8F}"
EndProject
Project("{9A19103F-16F7-4668-BE54-9A1E7A4F7556}") = "FlashCard.BusinessLogic.Tests", "FlashCard.BusinessLogic.Tests\FlashCard.BusinessLogic.Tests.csproj", "{D7AF6DBF-F261-4446-BC33-1FF0B0904013}"
EndProject
Project("{FAE04EC0-301F-11D3-BF4B-00C04F79EFBC}") = "ConsoleApp1", "ConsoleApp1\ConsoleApp1.csproj", "{9702F475-E7D7-4BAC-AD9C-CB805E3528B9}"
EndProject
Global
	GlobalSection(SolutionConfigurationPlatforms) = preSolution
		Debug|Any CPU = Debug|Any CPU
		Release|Any CPU = Release|Any CPU
	EndGlobalSection
	GlobalSection(ProjectConfigurationPlatforms) = postSolution
		{0B9B92B4-0035-4659-8E21-8FED8DD8F57D}.Debug|Any CPU.ActiveCfg = Debug|Any CPU
		{0B9B92B4-0035-4659-8E21-8FED8DD8F57D}.Debug|Any CPU.Build.0 = Debug|Any CPU
		{0B9B92B4-0035-4659-8E21-8FED8DD8F57D}.Release|Any CPU.ActiveCfg = Release|Any CPU
		{0B9B92B4-0035-4659-8E21-8FED8DD8F57D}.Release|Any CPU.Build.0 = Release|Any CPU
		{9347312C-DC8F-4904-B0D3-41B09BBFB3B7}.Debug|Any CPU.ActiveCfg = Debug|Any CPU
		{9347312C-DC8F-4904-B0D3-41B09BBFB3B7}.Debug|Any CPU.Build.0 = Debug|Any CPU
		{9347312C-DC8F-4904-B0D3-41B09BBFB3B7}.Release|Any CPU.ActiveCfg = Release|Any CPU
		{9347312C-DC8F-4904-B0D3-41B09BBFB3B7}.Release|Any CPU.Build.0 = Release|Any CPU
		{85F3E71E-346C-40FF-92FF-33196C2B30A3}.Debug|Any CPU.ActiveCfg = Debug|Any CPU
		{85F3E71E-346C-40FF-92FF-33196C2B30A3}.Debug|Any CPU.Build.0 = Debug|Any CPU
		{85F3E71E-346C-40FF-92FF-33196C2B30A3}.Release|Any CPU.ActiveCfg = Release|Any CPU
		{85F3E71E-346C-40FF-92FF-33196C2B30A3}.Release|Any CPU.Build.0 = Release|Any CPU
		{984B779C-563B-431C-9413-FB17C808DD8F}.Debug|Any CPU.ActiveCfg = Debug|Any CPU
		{984B779C-563B-431C-9413-FB17C808DD8F}.Debug|Any CPU.Build.0 = Debug|Any CPU
		{984B779C-563B-431C-9413-FB17C808DD8F}.Release|Any CPU.ActiveCfg = Release|Any CPU
		{984B779C-563B-431C-9413-FB17C808DD8F}.Release|Any CPU.Build.0 = Release|Any CPU
	EndGlobalSection
	GlobalSection(SolutionProperties) = preSolution
		HideSolutionNode = FALSE
	EndGlobalSection
	GlobalSection(ExtensibilityGlobals) = postSolution
		SolutionGuid = {D3EE1C06-3349-40F3-8C09-404DC9D8B12E}
	EndGlobalSection
EndGlobal
